
Microsoft Visual Studio Solution File, Format Version 12.00
# Visual Studio Version 17
VisualStudioVersion = 17.14.36109.1 d17.14
MinimumVisualStudioVersion = 10.0.40219.1
Project("{FAE04EC0-301F-11D3-BF4B-00C04F79EFBC}") = "VerificacaoDeAmbienteVS", "VerificacaoDeAmbienteVS\VerificacaoDeAmbienteVS.csproj", "{190D1151-5347-4727-82B4-CA15D2DFA562}"
EndProject
Global
	GlobalSection(SolutionConfigurationPlatforms) = preSolution
		Debug|Any CPU = Debug|Any CPU
		Release|Any CPU = Release|Any CPU
	EndGlobalSection
	GlobalSection(ProjectConfigurationPlatforms) = postSolution
		{190D1151-5347-4727-82B4-CA15D2DFA562}.Debug|Any CPU.ActiveCfg = Debug|Any CPU
		{190D1151-5347-4727-82B4-CA15D2DFA562}.Debug|Any CPU.Build.0 = Debug|Any CPU
		{190D1151-5347-4727-82B4-CA15D2DFA562}.Release|Any CPU.ActiveCfg = Release|Any CPU
		{190D1151-5347-4727-82B4-CA15D2DFA562}.Release|Any CPU.Build.0 = Release|Any CPU
	EndGlobalSection
	GlobalSection(SolutionProperties) = preSolution
		HideSolutionNode = FALSE
	EndGlobalSection
	GlobalSection(ExtensibilityGlobals) = postSolution
		SolutionGuid = {D32A2DA8-EEC4-4C58-B5CD-2365C950762B}
	EndGlobalSection
EndGlobal
